
Microsoft Visual Studio Solution File, Format Version 12.00
# Visual Studio 15
VisualStudioVersion = 15.0.27703.2026
MinimumVisualStudioVersion = 10.0.40219.1
Project("{FAE04EC0-301F-11D3-BF4B-00C04F79EFBC}") = "Herencia1", "Herencia1\Herencia1.csproj", "{4FF5B453-BB08-4007-BDD0-E14894F392E4}"
EndProject
Global
	GlobalSection(SolutionConfigurationPlatforms) = preSolution
		Debug|Any CPU = Debug|Any CPU
		Release|Any CPU = Release|Any CPU
	EndGlobalSection
	GlobalSection(ProjectConfigurationPlatforms) = postSolution
		{4FF5B453-BB08-4007-BDD0-E14894F392E4}.Debug|Any CPU.ActiveCfg = Debug|Any CPU
		{4FF5B453-BB08-4007-BDD0-E14894F392E4}.Debug|Any CPU.Build.0 = Debug|Any CPU
		{4FF5B453-BB08-4007-BDD0-E14894F392E4}.Release|Any CPU.ActiveCfg = Release|Any CPU
		{4FF5B453-BB08-4007-BDD0-E14894F392E4}.Release|Any CPU.Build.0 = Release|Any CPU
	EndGlobalSection
	GlobalSection(SolutionProperties) = preSolution
		HideSolutionNode = FALSE
	EndGlobalSection
	GlobalSection(ExtensibilityGlobals) = postSolution
		SolutionGuid = {64F355F4-FAFD-4099-A99E-761990A7B818}
	EndGlobalSection
EndGlobal
